version = 1
requires-python = ">=3.9"

[[package]]
name = "certifi"
version = "2024.2.2"
source = {registry = "https://pypi.org/simple"}

[[package]]
name = "charset-normalizer"
version = "3.3.2"
source = {registry = "https://pypi.org/simple"}

[[package]]
name = "dsbc"
version = "1.0.0"
source = {virtual = "."}
dependencies = [
    {name = "requests", marker = "python_version >= '3.9'"},
    {name = "rich", marker = "python_version >= '3.9'"},
    {name = "typer", marker = "python_version >= '3.9'"},
]

[[package]]
name = "idna"
version = "3.7"
source = {registry = "https://pypi.org/simple"}

[[package]]
name = "markdown-it-py"
version = "3.0.0"
source = {registry = "https://pypi.org/simple"}
dependencies = [
    {name = "mdurl"},
]

[[package]]
name = "mdurl"
version = "0.1.2"
source = {registry = "https://pypi.org/simple"}

[[package]]
name = "pygments"
version = "2.18.0"
source = {registry = "https://pypi.org/simple"}

[[package]]
name = "requests"
version = "2.31.0"
source = {registry = "https://pypi.org/simple"}
dependencies = [
    {name = "certifi"},
    {name = "charset-normalizer"},
    {name = "idna"},
    {name = "urllib3"},
]

[[package]]
name = "rich"
version = "13.7.1"
source = {registry = "https://pypi.org/simple"}
dependencies = [
    {name = "markdown-it-py"},
    {name = "pygments"},
]

[[package]]
name = "typer"
version = "0.12.3"
source = {registry = "https://pypi.org/simple"}
dependencies = [
    {name = "click"},
]

[[package]]
name = "click"
version = "8.1.7"
source = {registry = "https://pypi.org/simple"}
dependencies = [
    {name = "colorama", marker = "platform_system == 'Windows'"},
]

[[package]]
name = "colorama"
version = "0.4.6"
source = {registry = "https://pypi.org/simple"}

[[package]]
name = "urllib3"
version = "2.2.1"
source = {registry = "https://pypi.org/simple"}

[metadata]
lock-version = "2"
content-hash = "e3b0c44298fc1c149afbf4c8996fb92427ae41e4649b934ca495991b7852b855"